
Microsoft Visual Studio Solution File, Format Version 12.00
# Visual Studio Version 17
VisualStudioVersion = 17.8.34330.188
MinimumVisualStudioVersion = 10.0.40219.1
Project("{9A19103F-16F7-4668-BE54-9A1E7A4F7556}") = "Lib.Random", "Lib.Random\Lib.Random.csproj", "{BD3AE611-AB53-4751-B2BA-9370C9129FB8}"
EndProject
Project("{9A19103F-16F7-4668-BE54-9A1E7A4F7556}") = "Lib.Random.Test", "Lib.Random.Test\Lib.Random.Test.csproj", "{D5A1156D-EEC4-4E91-AD58-A03BA25ED199}"
EndProject
Project("{9A19103F-16F7-4668-BE54-9A1E7A4F7556}") = "Lib.Reflection", "Lib.Reflection\Lib.Reflection.csproj", "{088601E5-22B6-47E2-8C5E-1E1EE03E6787}"
EndProject
Project("{2150E333-8FDC-42A3-9474-1A3956D46DE8}") = "Beta", "Beta", "{F7A0CA5B-D332-4B18-B567-7B8BF0CC1896}"
EndProject
Project("{9A19103F-16F7-4668-BE54-9A1E7A4F7556}") = "Lib.OAuth2", "Lib.OAuth2\Lib.OAuth2.csproj", "{C4B68714-8116-4EEA-94EC-D4B851A89357}"
EndProject
Project("{9A19103F-16F7-4668-BE54-9A1E7A4F7556}") = "Lib.Console", "Lib.Console\Lib.Console.csproj", "{C6B845C0-A835-4BA2-A50B-FDD76D149B28}"
EndProject
Project("{9A19103F-16F7-4668-BE54-9A1E7A4F7556}") = "Lib.Collections.Chained", "Lib.Collections.Chained\Lib.Collections.Chained.csproj", "{DF4A7195-E8B7-4E86-A794-25F8A8E04A8B}"
EndProject
Project("{9A19103F-16F7-4668-BE54-9A1E7A4F7556}") = "Lib.DateTime", "Lib.DateTime\Lib.DateTime.csproj", "{492D0CC2-E9C9-47D4-86C6-392389B48377}"
EndProject
Project("{9A19103F-16F7-4668-BE54-9A1E7A4F7556}") = "Lib.DateTime.Test", "Lib.DateTime.Test\Lib.DateTime.Test.csproj", "{4D549EB8-D899-4E41-9653-2B75EDBCBAC4}"
EndProject
Project("{9A19103F-16F7-4668-BE54-9A1E7A4F7556}") = "Lib.Hash.Hashable", "Lib.Hash.Hashable\Lib.Hash.Hashable.csproj", "{8802D775-65F1-4DBF-90D6-90368DB197EF}"
EndProject
Project("{9A19103F-16F7-4668-BE54-9A1E7A4F7556}") = "Lib.Hash.Hashable.Test", "Lib.Hash.Hashable.Test\Lib.Hash.Hashable.Test.csproj", "{1967A363-96F6-453F-87D1-19599EEF1070}"
EndProject
Project("{9A19103F-16F7-4668-BE54-9A1E7A4F7556}") = "Lib.Hash.Test", "Lib.Hash.Test\Lib.Hash.Test.csproj", "{B4BF9C95-D1B2-42C8-9CC9-548105E130E7}"
EndProject
Project("{9A19103F-16F7-4668-BE54-9A1E7A4F7556}") = "Lib.Hash", "Lib.Hash\Lib.Hash.csproj", "{93B12B5F-793B-42CC-9186-AA3CDA90044F}"
EndProject
Project("{9A19103F-16F7-4668-BE54-9A1E7A4F7556}") = "Lib.Patterns", "Lib.Patterns\Lib.Patterns.csproj", "{068E8BF8-9C63-4898-9664-989C547D20BE}"
EndProject
Project("{9A19103F-16F7-4668-BE54-9A1E7A4F7556}") = "Lib.Geometry", "Lib.Geometry\Lib.Geometry.csproj", "{05953091-FC43-455B-9BA2-87858BC0B984}"
EndProject
Project("{9A19103F-16F7-4668-BE54-9A1E7A4F7556}") = "Lib.Geometry.Test", "Lib.Geometry.Test\Lib.Geometry.Test.csproj", "{70A119E6-549D-44A9-BA1E-17802FD8CB1B}"
EndProject
Project("{9A19103F-16F7-4668-BE54-9A1E7A4F7556}") = "Lib.Geometry.Abstractions", "Lib.Geometry.Abstractions\Lib.Geometry.Abstractions.csproj", "{C703FCAC-D62F-4A55-AEAC-B50A158BBA87}"
EndProject
Project("{9A19103F-16F7-4668-BE54-9A1E7A4F7556}") = "Lib.Encapsulation", "Lib.Encapsulation\Lib.Encapsulation.csproj", "{662742E7-4897-46C1-9BFE-7936983E08E2}"
EndProject
Project("{9A19103F-16F7-4668-BE54-9A1E7A4F7556}") = "Lib.Encapsulation.Test", "Lib.Encapsulation.Test\Lib.Encapsulation.Test.csproj", "{BCF1F503-EA42-4F34-BF51-D19703DDF184}"
EndProject
Project("{9A19103F-16F7-4668-BE54-9A1E7A4F7556}") = "Lib.Encapsulation.String", "Lib.Encapsulation.String\Lib.Encapsulation.String.csproj", "{654DE78E-2D06-40DA-902C-F72D1CB0CF8D}"
EndProject
Project("{9A19103F-16F7-4668-BE54-9A1E7A4F7556}") = "Lib.Encapsulation.String.Test", "Lib.Encapsulation.String.Test\Lib.Encapsulation.String.Test.csproj", "{BF2A718D-5979-48F9-99CE-1638EC9A4D3F}"
EndProject
Project("{9A19103F-16F7-4668-BE54-9A1E7A4F7556}") = "Lib.Mocked", "Lib.Mocked\Lib.Mocked.csproj", "{0A7F3593-EAE9-4F66-B5E9-DC8B0A04D098}"
EndProject
Project("{9A19103F-16F7-4668-BE54-9A1E7A4F7556}") = "Lib.Chaining", "Lib.Chaining\Lib.Chaining.csproj", "{473D5750-1C52-4492-8937-4FA1B0009F5F}"
EndProject
Project("{9A19103F-16F7-4668-BE54-9A1E7A4F7556}") = "Lib.Chaining.Test", "Lib.Chaining.Test\Lib.Chaining.Test.csproj", "{46BF0105-16DE-46B8-9173-922989C8F93F}"
EndProject
Project("{9A19103F-16F7-4668-BE54-9A1E7A4F7556}") = "Lib.DateTime.Descriptors", "Lib.DateTime.Descriptors\Lib.DateTime.Descriptors.csproj", "{B3CE828E-DB84-46CC-AD34-30DD3CEE2D97}"
EndProject
Project("{9A19103F-16F7-4668-BE54-9A1E7A4F7556}") = "Lib.DateTime.Descriptors.Test", "Lib.DateTime.Descriptors.Test\Lib.DateTime.Descriptors.Test.csproj", "{AF30FEE8-DEE4-4E1B-BCAE-578E58BB8A6C}"
EndProject
Project("{9A19103F-16F7-4668-BE54-9A1E7A4F7556}") = "Lib.ACL", "Lib.ACL\Lib.ACL.csproj", "{47D41E69-8C7B-4E3B-9EFE-FAC24A6DA17A}"
EndProject
Project("{2150E333-8FDC-42A3-9474-1A3956D46DE8}") = "SQL", "SQL", "{E8BAD70F-6251-4200-B3A1-6DE2542EDD2D}"
EndProject
Project("{9A19103F-16F7-4668-BE54-9A1E7A4F7556}") = "Lib.SQL", "Lib.SQL\Lib.SQL.csproj", "{CBE2F040-4371-478C-A23B-DC6350E45E7B}"
EndProject
Project("{9A19103F-16F7-4668-BE54-9A1E7A4F7556}") = "Lib.SQL.Test", "Lib.SQL.Test\Lib.SQL.Test.csproj", "{988C7B3A-AAE6-44FC-9585-303BA99228FB}"
EndProject
Project("{9A19103F-16F7-4668-BE54-9A1E7A4F7556}") = "Lib.SQL.SQLite", "Lib.SQL.SQLite\Lib.SQL.SQLite.csproj", "{29F66F62-2CDD-41F4-A337-0FB81779433B}"
EndProject
Project("{9A19103F-16F7-4668-BE54-9A1E7A4F7556}") = "Lib.SQL.MySQL", "Lib.SQL.MySQL\Lib.SQL.MySQL.csproj", "{F5671658-B87C-4546-A512-C12EAC2C2FF6}"
EndProject
Project("{9A19103F-16F7-4668-BE54-9A1E7A4F7556}") = "Lib.SQL.SQLite.Test", "Lib.SQL.SQLite.Test\Lib.SQL.SQLite.Test.csproj", "{EB33DCA7-71AC-4FBD-A340-BC0A92B83D44}"
EndProject
Project("{9A19103F-16F7-4668-BE54-9A1E7A4F7556}") = "Lib.SQL.MySQL.Test", "Lib.SQL.MySQL.Test\Lib.SQL.MySQL.Test.csproj", "{B31C7776-9D9F-4362-A9A3-3102F086CB9D}"
EndProject
Project("{9A19103F-16F7-4668-BE54-9A1E7A4F7556}") = "Lib.SerialPort", "Lib.SerialPort\Lib.SerialPort.csproj", "{AE7FEBC2-A75C-42C6-A647-69300EAE018D}"
EndProject
Project("{9A19103F-16F7-4668-BE54-9A1E7A4F7556}") = "Lib.TCP", "Lib.TCP\Lib.TCP.csproj", "{3D70C80D-2CC9-4B98-A719-09FD6E38AFB7}"
EndProject
Project("{9A19103F-16F7-4668-BE54-9A1E7A4F7556}") = "Lib.SerialPort.Test", "Lib.SerialPort.Test\Lib.SerialPort.Test.csproj", "{50E3152F-89A7-4EA3-810B-10062C123992}"
EndProject
Project("{2150E333-8FDC-42A3-9474-1A3956D46DE8}") = "DateTime", "DateTime", "{F3E39662-F043-48FC-852C-10AC6781D891}"
EndProject
Project("{9A19103F-16F7-4668-BE54-9A1E7A4F7556}") = "Lib.SQL.Tables", "Lib.SQL.Tables\Lib.SQL.Tables.csproj", "{304A7CBD-0280-4F1C-BF71-39391CACC150}"
EndProject
Project("{9A19103F-16F7-4668-BE54-9A1E7A4F7556}") = "Lib.SQL.Tables.Test", "Lib.SQL.Tables.Test\Lib.SQL.Tables.Test.csproj", "{2AD0A4CC-517D-447A-83BF-B00E8CD53183}"
EndProject
Project("{9A19103F-16F7-4668-BE54-9A1E7A4F7556}") = "Lib.SQL.QueryBuilder", "Lib.SQL.QueryBuilder\Lib.SQL.QueryBuilder.csproj", "{FFE37ACE-10F4-47BC-A23C-3F1733E950AC}"
EndProject
Project("{9A19103F-16F7-4668-BE54-9A1E7A4F7556}") = "Lib.SQL.QueryBuilder.Test", "Lib.SQL.QueryBuilder.Test\Lib.SQL.QueryBuilder.Test.csproj", "{C3F7EE64-A723-466F-9CCE-6CD696561EFF}"
EndProject
Project("{9A19103F-16F7-4668-BE54-9A1E7A4F7556}") = "Lib.SQL.Log", "Lib.SQL.Log\Lib.SQL.Log.csproj", "{ED63E37F-2834-404D-95AF-F47B3E701055}"
EndProject
Global
	GlobalSection(SolutionConfigurationPlatforms) = preSolution
		Debug|Any CPU = Debug|Any CPU
		Release|Any CPU = Release|Any CPU
	EndGlobalSection
	GlobalSection(ProjectConfigurationPlatforms) = postSolution
		{BD3AE611-AB53-4751-B2BA-9370C9129FB8}.Debug|Any CPU.ActiveCfg = Debug|Any CPU
		{BD3AE611-AB53-4751-B2BA-9370C9129FB8}.Debug|Any CPU.Build.0 = Debug|Any CPU
		{BD3AE611-AB53-4751-B2BA-9370C9129FB8}.Release|Any CPU.ActiveCfg = Release|Any CPU
		{BD3AE611-AB53-4751-B2BA-9370C9129FB8}.Release|Any CPU.Build.0 = Release|Any CPU
		{D5A1156D-EEC4-4E91-AD58-A03BA25ED199}.Debug|Any CPU.ActiveCfg = Debug|Any CPU
		{D5A1156D-EEC4-4E91-AD58-A03BA25ED199}.Debug|Any CPU.Build.0 = Debug|Any CPU
		{D5A1156D-EEC4-4E91-AD58-A03BA25ED199}.Release|Any CPU.ActiveCfg = Release|Any CPU
		{D5A1156D-EEC4-4E91-AD58-A03BA25ED199}.Release|Any CPU.Build.0 = Release|Any CPU
		{088601E5-22B6-47E2-8C5E-1E1EE03E6787}.Debug|Any CPU.ActiveCfg = Debug|Any CPU
		{088601E5-22B6-47E2-8C5E-1E1EE03E6787}.Debug|Any CPU.Build.0 = Debug|Any CPU
		{088601E5-22B6-47E2-8C5E-1E1EE03E6787}.Release|Any CPU.ActiveCfg = Release|Any CPU
		{088601E5-22B6-47E2-8C5E-1E1EE03E6787}.Release|Any CPU.Build.0 = Release|Any CPU
		{C4B68714-8116-4EEA-94EC-D4B851A89357}.Debug|Any CPU.ActiveCfg = Debug|Any CPU
		{C4B68714-8116-4EEA-94EC-D4B851A89357}.Debug|Any CPU.Build.0 = Debug|Any CPU
		{C4B68714-8116-4EEA-94EC-D4B851A89357}.Release|Any CPU.ActiveCfg = Release|Any CPU
		{C4B68714-8116-4EEA-94EC-D4B851A89357}.Release|Any CPU.Build.0 = Release|Any CPU
		{C6B845C0-A835-4BA2-A50B-FDD76D149B28}.Debug|Any CPU.ActiveCfg = Debug|Any CPU
		{C6B845C0-A835-4BA2-A50B-FDD76D149B28}.Debug|Any CPU.Build.0 = Debug|Any CPU
		{C6B845C0-A835-4BA2-A50B-FDD76D149B28}.Release|Any CPU.ActiveCfg = Release|Any CPU
		{C6B845C0-A835-4BA2-A50B-FDD76D149B28}.Release|Any CPU.Build.0 = Release|Any CPU
		{DF4A7195-E8B7-4E86-A794-25F8A8E04A8B}.Debug|Any CPU.ActiveCfg = Debug|Any CPU
		{DF4A7195-E8B7-4E86-A794-25F8A8E04A8B}.Debug|Any CPU.Build.0 = Debug|Any CPU
		{DF4A7195-E8B7-4E86-A794-25F8A8E04A8B}.Release|Any CPU.ActiveCfg = Release|Any CPU
		{DF4A7195-E8B7-4E86-A794-25F8A8E04A8B}.Release|Any CPU.Build.0 = Release|Any CPU
		{492D0CC2-E9C9-47D4-86C6-392389B48377}.Debug|Any CPU.ActiveCfg = Debug|Any CPU
		{492D0CC2-E9C9-47D4-86C6-392389B48377}.Debug|Any CPU.Build.0 = Debug|Any CPU
		{492D0CC2-E9C9-47D4-86C6-392389B48377}.Release|Any CPU.ActiveCfg = Release|Any CPU
		{492D0CC2-E9C9-47D4-86C6-392389B48377}.Release|Any CPU.Build.0 = Release|Any CPU
		{4D549EB8-D899-4E41-9653-2B75EDBCBAC4}.Debug|Any CPU.ActiveCfg = Debug|Any CPU
		{4D549EB8-D899-4E41-9653-2B75EDBCBAC4}.Debug|Any CPU.Build.0 = Debug|Any CPU
		{4D549EB8-D899-4E41-9653-2B75EDBCBAC4}.Release|Any CPU.ActiveCfg = Release|Any CPU
		{4D549EB8-D899-4E41-9653-2B75EDBCBAC4}.Release|Any CPU.Build.0 = Release|Any CPU
		{8802D775-65F1-4DBF-90D6-90368DB197EF}.Debug|Any CPU.ActiveCfg = Debug|Any CPU
		{8802D775-65F1-4DBF-90D6-90368DB197EF}.Debug|Any CPU.Build.0 = Debug|Any CPU
		{8802D775-65F1-4DBF-90D6-90368DB197EF}.Release|Any CPU.ActiveCfg = Release|Any CPU
		{8802D775-65F1-4DBF-90D6-90368DB197EF}.Release|Any CPU.Build.0 = Release|Any CPU
		{1967A363-96F6-453F-87D1-19599EEF1070}.Debug|Any CPU.ActiveCfg = Debug|Any CPU
		{1967A363-96F6-453F-87D1-19599EEF1070}.Debug|Any CPU.Build.0 = Debug|Any CPU
		{1967A363-96F6-453F-87D1-19599EEF1070}.Release|Any CPU.ActiveCfg = Release|Any CPU
		{1967A363-96F6-453F-87D1-19599EEF1070}.Release|Any CPU.Build.0 = Release|Any CPU
		{B4BF9C95-D1B2-42C8-9CC9-548105E130E7}.Debug|Any CPU.ActiveCfg = Debug|Any CPU
		{B4BF9C95-D1B2-42C8-9CC9-548105E130E7}.Debug|Any CPU.Build.0 = Debug|Any CPU
		{B4BF9C95-D1B2-42C8-9CC9-548105E130E7}.Release|Any CPU.ActiveCfg = Release|Any CPU
		{B4BF9C95-D1B2-42C8-9CC9-548105E130E7}.Release|Any CPU.Build.0 = Release|Any CPU
		{93B12B5F-793B-42CC-9186-AA3CDA90044F}.Debug|Any CPU.ActiveCfg = Debug|Any CPU
		{93B12B5F-793B-42CC-9186-AA3CDA90044F}.Debug|Any CPU.Build.0 = Debug|Any CPU
		{93B12B5F-793B-42CC-9186-AA3CDA90044F}.Release|Any CPU.ActiveCfg = Release|Any CPU
		{93B12B5F-793B-42CC-9186-AA3CDA90044F}.Release|Any CPU.Build.0 = Release|Any CPU
		{068E8BF8-9C63-4898-9664-989C547D20BE}.Debug|Any CPU.ActiveCfg = Debug|Any CPU
		{068E8BF8-9C63-4898-9664-989C547D20BE}.Debug|Any CPU.Build.0 = Debug|Any CPU
		{068E8BF8-9C63-4898-9664-989C547D20BE}.Release|Any CPU.ActiveCfg = Release|Any CPU
		{068E8BF8-9C63-4898-9664-989C547D20BE}.Release|Any CPU.Build.0 = Release|Any CPU
		{05953091-FC43-455B-9BA2-87858BC0B984}.Debug|Any CPU.ActiveCfg = Debug|Any CPU
		{05953091-FC43-455B-9BA2-87858BC0B984}.Debug|Any CPU.Build.0 = Debug|Any CPU
		{05953091-FC43-455B-9BA2-87858BC0B984}.Release|Any CPU.ActiveCfg = Release|Any CPU
		{05953091-FC43-455B-9BA2-87858BC0B984}.Release|Any CPU.Build.0 = Release|Any CPU
		{70A119E6-549D-44A9-BA1E-17802FD8CB1B}.Debug|Any CPU.ActiveCfg = Debug|Any CPU
		{70A119E6-549D-44A9-BA1E-17802FD8CB1B}.Debug|Any CPU.Build.0 = Debug|Any CPU
		{70A119E6-549D-44A9-BA1E-17802FD8CB1B}.Release|Any CPU.ActiveCfg = Release|Any CPU
		{70A119E6-549D-44A9-BA1E-17802FD8CB1B}.Release|Any CPU.Build.0 = Release|Any CPU
		{C703FCAC-D62F-4A55-AEAC-B50A158BBA87}.Debug|Any CPU.ActiveCfg = Debug|Any CPU
		{C703FCAC-D62F-4A55-AEAC-B50A158BBA87}.Debug|Any CPU.Build.0 = Debug|Any CPU
		{C703FCAC-D62F-4A55-AEAC-B50A158BBA87}.Release|Any CPU.ActiveCfg = Release|Any CPU
		{C703FCAC-D62F-4A55-AEAC-B50A158BBA87}.Release|Any CPU.Build.0 = Release|Any CPU
		{662742E7-4897-46C1-9BFE-7936983E08E2}.Debug|Any CPU.ActiveCfg = Debug|Any CPU
		{662742E7-4897-46C1-9BFE-7936983E08E2}.Debug|Any CPU.Build.0 = Debug|Any CPU
		{662742E7-4897-46C1-9BFE-7936983E08E2}.Release|Any CPU.ActiveCfg = Release|Any CPU
		{662742E7-4897-46C1-9BFE-7936983E08E2}.Release|Any CPU.Build.0 = Release|Any CPU
		{BCF1F503-EA42-4F34-BF51-D19703DDF184}.Debug|Any CPU.ActiveCfg = Debug|Any CPU
		{BCF1F503-EA42-4F34-BF51-D19703DDF184}.Debug|Any CPU.Build.0 = Debug|Any CPU
		{BCF1F503-EA42-4F34-BF51-D19703DDF184}.Release|Any CPU.ActiveCfg = Release|Any CPU
		{BCF1F503-EA42-4F34-BF51-D19703DDF184}.Release|Any CPU.Build.0 = Release|Any CPU
		{654DE78E-2D06-40DA-902C-F72D1CB0CF8D}.Debug|Any CPU.ActiveCfg = Debug|Any CPU
		{654DE78E-2D06-40DA-902C-F72D1CB0CF8D}.Debug|Any CPU.Build.0 = Debug|Any CPU
		{654DE78E-2D06-40DA-902C-F72D1CB0CF8D}.Release|Any CPU.ActiveCfg = Release|Any CPU
		{654DE78E-2D06-40DA-902C-F72D1CB0CF8D}.Release|Any CPU.Build.0 = Release|Any CPU
		{BF2A718D-5979-48F9-99CE-1638EC9A4D3F}.Debug|Any CPU.ActiveCfg = Debug|Any CPU
		{BF2A718D-5979-48F9-99CE-1638EC9A4D3F}.Debug|Any CPU.Build.0 = Debug|Any CPU
		{BF2A718D-5979-48F9-99CE-1638EC9A4D3F}.Release|Any CPU.ActiveCfg = Release|Any CPU
		{BF2A718D-5979-48F9-99CE-1638EC9A4D3F}.Release|Any CPU.Build.0 = Release|Any CPU
		{0A7F3593-EAE9-4F66-B5E9-DC8B0A04D098}.Debug|Any CPU.ActiveCfg = Debug|Any CPU
		{0A7F3593-EAE9-4F66-B5E9-DC8B0A04D098}.Debug|Any CPU.Build.0 = Debug|Any CPU
		{0A7F3593-EAE9-4F66-B5E9-DC8B0A04D098}.Release|Any CPU.ActiveCfg = Release|Any CPU
		{0A7F3593-EAE9-4F66-B5E9-DC8B0A04D098}.Release|Any CPU.Build.0 = Release|Any CPU
		{473D5750-1C52-4492-8937-4FA1B0009F5F}.Debug|Any CPU.ActiveCfg = Debug|Any CPU
		{473D5750-1C52-4492-8937-4FA1B0009F5F}.Debug|Any CPU.Build.0 = Debug|Any CPU
		{473D5750-1C52-4492-8937-4FA1B0009F5F}.Release|Any CPU.ActiveCfg = Release|Any CPU
		{473D5750-1C52-4492-8937-4FA1B0009F5F}.Release|Any CPU.Build.0 = Release|Any CPU
		{46BF0105-16DE-46B8-9173-922989C8F93F}.Debug|Any CPU.ActiveCfg = Debug|Any CPU
		{46BF0105-16DE-46B8-9173-922989C8F93F}.Debug|Any CPU.Build.0 = Debug|Any CPU
		{46BF0105-16DE-46B8-9173-922989C8F93F}.Release|Any CPU.ActiveCfg = Release|Any CPU
		{46BF0105-16DE-46B8-9173-922989C8F93F}.Release|Any CPU.Build.0 = Release|Any CPU
		{B3CE828E-DB84-46CC-AD34-30DD3CEE2D97}.Debug|Any CPU.ActiveCfg = Debug|Any CPU
		{B3CE828E-DB84-46CC-AD34-30DD3CEE2D97}.Debug|Any CPU.Build.0 = Debug|Any CPU
		{B3CE828E-DB84-46CC-AD34-30DD3CEE2D97}.Release|Any CPU.ActiveCfg = Release|Any CPU
		{B3CE828E-DB84-46CC-AD34-30DD3CEE2D97}.Release|Any CPU.Build.0 = Release|Any CPU
		{AF30FEE8-DEE4-4E1B-BCAE-578E58BB8A6C}.Debug|Any CPU.ActiveCfg = Debug|Any CPU
		{AF30FEE8-DEE4-4E1B-BCAE-578E58BB8A6C}.Debug|Any CPU.Build.0 = Debug|Any CPU
		{AF30FEE8-DEE4-4E1B-BCAE-578E58BB8A6C}.Release|Any CPU.ActiveCfg = Release|Any CPU
		{AF30FEE8-DEE4-4E1B-BCAE-578E58BB8A6C}.Release|Any CPU.Build.0 = Release|Any CPU
		{47D41E69-8C7B-4E3B-9EFE-FAC24A6DA17A}.Debug|Any CPU.ActiveCfg = Debug|Any CPU
		{47D41E69-8C7B-4E3B-9EFE-FAC24A6DA17A}.Debug|Any CPU.Build.0 = Debug|Any CPU
		{47D41E69-8C7B-4E3B-9EFE-FAC24A6DA17A}.Release|Any CPU.ActiveCfg = Release|Any CPU
		{47D41E69-8C7B-4E3B-9EFE-FAC24A6DA17A}.Release|Any CPU.Build.0 = Release|Any CPU
		{CBE2F040-4371-478C-A23B-DC6350E45E7B}.Debug|Any CPU.ActiveCfg = Debug|Any CPU
		{CBE2F040-4371-478C-A23B-DC6350E45E7B}.Debug|Any CPU.Build.0 = Debug|Any CPU
		{CBE2F040-4371-478C-A23B-DC6350E45E7B}.Release|Any CPU.ActiveCfg = Release|Any CPU
		{CBE2F040-4371-478C-A23B-DC6350E45E7B}.Release|Any CPU.Build.0 = Release|Any CPU
		{988C7B3A-AAE6-44FC-9585-303BA99228FB}.Debug|Any CPU.ActiveCfg = Debug|Any CPU
		{988C7B3A-AAE6-44FC-9585-303BA99228FB}.Debug|Any CPU.Build.0 = Debug|Any CPU
		{988C7B3A-AAE6-44FC-9585-303BA99228FB}.Release|Any CPU.ActiveCfg = Release|Any CPU
		{988C7B3A-AAE6-44FC-9585-303BA99228FB}.Release|Any CPU.Build.0 = Release|Any CPU
		{29F66F62-2CDD-41F4-A337-0FB81779433B}.Debug|Any CPU.ActiveCfg = Debug|Any CPU
		{29F66F62-2CDD-41F4-A337-0FB81779433B}.Debug|Any CPU.Build.0 = Debug|Any CPU
		{29F66F62-2CDD-41F4-A337-0FB81779433B}.Release|Any CPU.ActiveCfg = Release|Any CPU
		{29F66F62-2CDD-41F4-A337-0FB81779433B}.Release|Any CPU.Build.0 = Release|Any CPU
		{F5671658-B87C-4546-A512-C12EAC2C2FF6}.Debug|Any CPU.ActiveCfg = Debug|Any CPU
		{F5671658-B87C-4546-A512-C12EAC2C2FF6}.Debug|Any CPU.Build.0 = Debug|Any CPU
		{F5671658-B87C-4546-A512-C12EAC2C2FF6}.Release|Any CPU.ActiveCfg = Release|Any CPU
		{F5671658-B87C-4546-A512-C12EAC2C2FF6}.Release|Any CPU.Build.0 = Release|Any CPU
		{EB33DCA7-71AC-4FBD-A340-BC0A92B83D44}.Debug|Any CPU.ActiveCfg = Debug|Any CPU
		{EB33DCA7-71AC-4FBD-A340-BC0A92B83D44}.Debug|Any CPU.Build.0 = Debug|Any CPU
		{EB33DCA7-71AC-4FBD-A340-BC0A92B83D44}.Release|Any CPU.ActiveCfg = Release|Any CPU
		{EB33DCA7-71AC-4FBD-A340-BC0A92B83D44}.Release|Any CPU.Build.0 = Release|Any CPU
		{B31C7776-9D9F-4362-A9A3-3102F086CB9D}.Debug|Any CPU.ActiveCfg = Debug|Any CPU
		{B31C7776-9D9F-4362-A9A3-3102F086CB9D}.Debug|Any CPU.Build.0 = Debug|Any CPU
		{B31C7776-9D9F-4362-A9A3-3102F086CB9D}.Release|Any CPU.ActiveCfg = Release|Any CPU
		{B31C7776-9D9F-4362-A9A3-3102F086CB9D}.Release|Any CPU.Build.0 = Release|Any CPU
		{AE7FEBC2-A75C-42C6-A647-69300EAE018D}.Debug|Any CPU.ActiveCfg = Debug|Any CPU
		{AE7FEBC2-A75C-42C6-A647-69300EAE018D}.Debug|Any CPU.Build.0 = Debug|Any CPU
		{AE7FEBC2-A75C-42C6-A647-69300EAE018D}.Release|Any CPU.ActiveCfg = Release|Any CPU
		{AE7FEBC2-A75C-42C6-A647-69300EAE018D}.Release|Any CPU.Build.0 = Release|Any CPU
		{3D70C80D-2CC9-4B98-A719-09FD6E38AFB7}.Debug|Any CPU.ActiveCfg = Debug|Any CPU
		{3D70C80D-2CC9-4B98-A719-09FD6E38AFB7}.Debug|Any CPU.Build.0 = Debug|Any CPU
		{3D70C80D-2CC9-4B98-A719-09FD6E38AFB7}.Release|Any CPU.ActiveCfg = Release|Any CPU
		{3D70C80D-2CC9-4B98-A719-09FD6E38AFB7}.Release|Any CPU.Build.0 = Release|Any CPU
		{50E3152F-89A7-4EA3-810B-10062C123992}.Debug|Any CPU.ActiveCfg = Debug|Any CPU
		{50E3152F-89A7-4EA3-810B-10062C123992}.Debug|Any CPU.Build.0 = Debug|Any CPU
		{50E3152F-89A7-4EA3-810B-10062C123992}.Release|Any CPU.ActiveCfg = Release|Any CPU
		{50E3152F-89A7-4EA3-810B-10062C123992}.Release|Any CPU.Build.0 = Release|Any CPU
		{304A7CBD-0280-4F1C-BF71-39391CACC150}.Debug|Any CPU.ActiveCfg = Debug|Any CPU
		{304A7CBD-0280-4F1C-BF71-39391CACC150}.Debug|Any CPU.Build.0 = Debug|Any CPU
		{304A7CBD-0280-4F1C-BF71-39391CACC150}.Release|Any CPU.ActiveCfg = Release|Any CPU
		{304A7CBD-0280-4F1C-BF71-39391CACC150}.Release|Any CPU.Build.0 = Release|Any CPU
		{2AD0A4CC-517D-447A-83BF-B00E8CD53183}.Debug|Any CPU.ActiveCfg = Debug|Any CPU
		{2AD0A4CC-517D-447A-83BF-B00E8CD53183}.Debug|Any CPU.Build.0 = Debug|Any CPU
		{2AD0A4CC-517D-447A-83BF-B00E8CD53183}.Release|Any CPU.ActiveCfg = Release|Any CPU
		{2AD0A4CC-517D-447A-83BF-B00E8CD53183}.Release|Any CPU.Build.0 = Release|Any CPU
		{FFE37ACE-10F4-47BC-A23C-3F1733E950AC}.Debug|Any CPU.ActiveCfg = Debug|Any CPU
		{FFE37ACE-10F4-47BC-A23C-3F1733E950AC}.Debug|Any CPU.Build.0 = Debug|Any CPU
		{FFE37ACE-10F4-47BC-A23C-3F1733E950AC}.Release|Any CPU.ActiveCfg = Release|Any CPU
		{FFE37ACE-10F4-47BC-A23C-3F1733E950AC}.Release|Any CPU.Build.0 = Release|Any CPU
		{C3F7EE64-A723-466F-9CCE-6CD696561EFF}.Debug|Any CPU.ActiveCfg = Debug|Any CPU
		{C3F7EE64-A723-466F-9CCE-6CD696561EFF}.Debug|Any CPU.Build.0 = Debug|Any CPU
		{C3F7EE64-A723-466F-9CCE-6CD696561EFF}.Release|Any CPU.ActiveCfg = Release|Any CPU
		{C3F7EE64-A723-466F-9CCE-6CD696561EFF}.Release|Any CPU.Build.0 = Release|Any CPU
		{ED63E37F-2834-404D-95AF-F47B3E701055}.Debug|Any CPU.ActiveCfg = Debug|Any CPU
		{ED63E37F-2834-404D-95AF-F47B3E701055}.Debug|Any CPU.Build.0 = Debug|Any CPU
		{ED63E37F-2834-404D-95AF-F47B3E701055}.Release|Any CPU.ActiveCfg = Release|Any CPU
		{ED63E37F-2834-404D-95AF-F47B3E701055}.Release|Any CPU.Build.0 = Release|Any CPU
	EndGlobalSection
	GlobalSection(SolutionProperties) = preSolution
		HideSolutionNode = FALSE
	EndGlobalSection
	GlobalSection(NestedProjects) = preSolution
		{C4B68714-8116-4EEA-94EC-D4B851A89357} = {F7A0CA5B-D332-4B18-B567-7B8BF0CC1896}
		{C6B845C0-A835-4BA2-A50B-FDD76D149B28} = {F7A0CA5B-D332-4B18-B567-7B8BF0CC1896}
		{DF4A7195-E8B7-4E86-A794-25F8A8E04A8B} = {F7A0CA5B-D332-4B18-B567-7B8BF0CC1896}
		{492D0CC2-E9C9-47D4-86C6-392389B48377} = {F3E39662-F043-48FC-852C-10AC6781D891}
		{4D549EB8-D899-4E41-9653-2B75EDBCBAC4} = {F3E39662-F043-48FC-852C-10AC6781D891}
		{0A7F3593-EAE9-4F66-B5E9-DC8B0A04D098} = {F7A0CA5B-D332-4B18-B567-7B8BF0CC1896}
		{473D5750-1C52-4492-8937-4FA1B0009F5F} = {F7A0CA5B-D332-4B18-B567-7B8BF0CC1896}
		{46BF0105-16DE-46B8-9173-922989C8F93F} = {F7A0CA5B-D332-4B18-B567-7B8BF0CC1896}
		{B3CE828E-DB84-46CC-AD34-30DD3CEE2D97} = {F3E39662-F043-48FC-852C-10AC6781D891}
		{AF30FEE8-DEE4-4E1B-BCAE-578E58BB8A6C} = {F3E39662-F043-48FC-852C-10AC6781D891}
		{CBE2F040-4371-478C-A23B-DC6350E45E7B} = {E8BAD70F-6251-4200-B3A1-6DE2542EDD2D}
		{988C7B3A-AAE6-44FC-9585-303BA99228FB} = {E8BAD70F-6251-4200-B3A1-6DE2542EDD2D}
		{29F66F62-2CDD-41F4-A337-0FB81779433B} = {E8BAD70F-6251-4200-B3A1-6DE2542EDD2D}
		{F5671658-B87C-4546-A512-C12EAC2C2FF6} = {E8BAD70F-6251-4200-B3A1-6DE2542EDD2D}
		{EB33DCA7-71AC-4FBD-A340-BC0A92B83D44} = {E8BAD70F-6251-4200-B3A1-6DE2542EDD2D}
		{B31C7776-9D9F-4362-A9A3-3102F086CB9D} = {E8BAD70F-6251-4200-B3A1-6DE2542EDD2D}
		{304A7CBD-0280-4F1C-BF71-39391CACC150} = {E8BAD70F-6251-4200-B3A1-6DE2542EDD2D}
		{2AD0A4CC-517D-447A-83BF-B00E8CD53183} = {E8BAD70F-6251-4200-B3A1-6DE2542EDD2D}
		{FFE37ACE-10F4-47BC-A23C-3F1733E950AC} = {E8BAD70F-6251-4200-B3A1-6DE2542EDD2D}
		{C3F7EE64-A723-466F-9CCE-6CD696561EFF} = {E8BAD70F-6251-4200-B3A1-6DE2542EDD2D}
		{ED63E37F-2834-404D-95AF-F47B3E701055} = {E8BAD70F-6251-4200-B3A1-6DE2542EDD2D}
	EndGlobalSection
	GlobalSection(ExtensibilityGlobals) = postSolution
		SolutionGuid = {FAF3363E-6BE6-459F-A73F-C61F429A909F}
	EndGlobalSection
EndGlobal
